
Microsoft Visual Studio Solution File, Format Version 12.00
# Visual Studio Express 15 for Windows Desktop
VisualStudioVersion = 15.0.28307.1231
MinimumVisualStudioVersion = 10.0.40219.1
Project("{8BC9CEB8-8B4A-11D0-8D11-00A0C91BC942}") = "test_ch4", "test_ch4.vcxproj", "{F07433C7-B913-42DE-8618-4B4AEE16CF96}"
EndProject
Global
	GlobalSection(SolutionConfigurationPlatforms) = preSolution
		Debug|x64 = Debug|x64
		Debug|x86 = Debug|x86
		Release|x64 = Release|x64
		Release|x86 = Release|x86
	EndGlobalSection
	GlobalSection(ProjectConfigurationPlatforms) = postSolution
		{F07433C7-B913-42DE-8618-4B4AEE16CF96}.Debug|x64.ActiveCfg = Debug|x64
		{F07433C7-B913-42DE-8618-4B4AEE16CF96}.Debug|x64.Build.0 = Debug|x64
		{F07433C7-B913-42DE-8618-4B4AEE16CF96}.Debug|x86.ActiveCfg = Debug|Win32
		{F07433C7-B913-42DE-8618-4B4AEE16CF96}.Debug|x86.Build.0 = Debug|Win32
		{F07433C7-B913-42DE-8618-4B4AEE16CF96}.Release|x64.ActiveCfg = Release|x64
		{F07433C7-B913-42DE-8618-4B4AEE16CF96}.Release|x64.Build.0 = Release|x64
		{F07433C7-B913-42DE-8618-4B4AEE16CF96}.Release|x86.ActiveCfg = Release|Win32
		{F07433C7-B913-42DE-8618-4B4AEE16CF96}.Release|x86.Build.0 = Release|Win32
	EndGlobalSection
	GlobalSection(SolutionProperties) = preSolution
		HideSolutionNode = FALSE
	EndGlobalSection
	GlobalSection(ExtensibilityGlobals) = postSolution
		SolutionGuid = {9D1B16F0-C05F-4430-B806-6D78DFC9D804}
	EndGlobalSection
EndGlobal
