
Microsoft Visual Studio Solution File, Format Version 12.00
# Visual Studio Express 15 for Windows Desktop
VisualStudioVersion = 15.0.28307.1231
MinimumVisualStudioVersion = 10.0.40219.1
Project("{8BC9CEB8-8B4A-11D0-8D11-00A0C91BC942}") = "ex7_2", "ex7_2.vcxproj", "{882D8DE1-900B-4EEB-A312-B68BA3FDE41E}"
EndProject
Global
	GlobalSection(SolutionConfigurationPlatforms) = preSolution
		Debug|x64 = Debug|x64
		Debug|x86 = Debug|x86
		Release|x64 = Release|x64
		Release|x86 = Release|x86
	EndGlobalSection
	GlobalSection(ProjectConfigurationPlatforms) = postSolution
		{882D8DE1-900B-4EEB-A312-B68BA3FDE41E}.Debug|x64.ActiveCfg = Debug|x64
		{882D8DE1-900B-4EEB-A312-B68BA3FDE41E}.Debug|x64.Build.0 = Debug|x64
		{882D8DE1-900B-4EEB-A312-B68BA3FDE41E}.Debug|x86.ActiveCfg = Debug|Win32
		{882D8DE1-900B-4EEB-A312-B68BA3FDE41E}.Debug|x86.Build.0 = Debug|Win32
		{882D8DE1-900B-4EEB-A312-B68BA3FDE41E}.Release|x64.ActiveCfg = Release|x64
		{882D8DE1-900B-4EEB-A312-B68BA3FDE41E}.Release|x64.Build.0 = Release|x64
		{882D8DE1-900B-4EEB-A312-B68BA3FDE41E}.Release|x86.ActiveCfg = Release|Win32
		{882D8DE1-900B-4EEB-A312-B68BA3FDE41E}.Release|x86.Build.0 = Release|Win32
	EndGlobalSection
	GlobalSection(SolutionProperties) = preSolution
		HideSolutionNode = FALSE
	EndGlobalSection
	GlobalSection(ExtensibilityGlobals) = postSolution
		SolutionGuid = {05F6BC3D-A0B7-4375-B7E4-485380DE8F76}
	EndGlobalSection
EndGlobal
