
Microsoft Visual Studio Solution File, Format Version 12.00
# Visual Studio Express 15 for Windows Desktop
VisualStudioVersion = 15.0.28307.1231
MinimumVisualStudioVersion = 10.0.40219.1
Project("{8BC9CEB8-8B4A-11D0-8D11-00A0C91BC942}") = "ex4_4", "ex4_4.vcxproj", "{5755E5BE-00C5-49FC-8789-4FB90DC540DB}"
EndProject
Global
	GlobalSection(SolutionConfigurationPlatforms) = preSolution
		Debug|x64 = Debug|x64
		Debug|x86 = Debug|x86
		Release|x64 = Release|x64
		Release|x86 = Release|x86
	EndGlobalSection
	GlobalSection(ProjectConfigurationPlatforms) = postSolution
		{5755E5BE-00C5-49FC-8789-4FB90DC540DB}.Debug|x64.ActiveCfg = Debug|x64
		{5755E5BE-00C5-49FC-8789-4FB90DC540DB}.Debug|x64.Build.0 = Debug|x64
		{5755E5BE-00C5-49FC-8789-4FB90DC540DB}.Debug|x86.ActiveCfg = Debug|Win32
		{5755E5BE-00C5-49FC-8789-4FB90DC540DB}.Debug|x86.Build.0 = Debug|Win32
		{5755E5BE-00C5-49FC-8789-4FB90DC540DB}.Release|x64.ActiveCfg = Release|x64
		{5755E5BE-00C5-49FC-8789-4FB90DC540DB}.Release|x64.Build.0 = Release|x64
		{5755E5BE-00C5-49FC-8789-4FB90DC540DB}.Release|x86.ActiveCfg = Release|Win32
		{5755E5BE-00C5-49FC-8789-4FB90DC540DB}.Release|x86.Build.0 = Release|Win32
	EndGlobalSection
	GlobalSection(SolutionProperties) = preSolution
		HideSolutionNode = FALSE
	EndGlobalSection
	GlobalSection(ExtensibilityGlobals) = postSolution
		SolutionGuid = {604E68A0-FC82-4417-8634-0533D79E4990}
	EndGlobalSection
EndGlobal
